// !$*UTF8*$!
{
	archiveVersion = 1;
	classes = {
	};
	objectVersion = 56;
	objects = {

/* Begin PBXBuildFile section */
		7FB1E9932C1FFE9F0050B03E /* To_Do_LIstApp.swift in Sources */ = {isa = PBXBuildFile; fileRef = 7FB1E9922C1FFE9F0050B03E /* To_Do_LIstApp.swift */; };
		7FB1E9972C1FFEA70050B03E /* Assets.xcassets in Resources */ = {isa = PBXBuildFile; fileRef = 7FB1E9962C1FFEA70050B03E /* Assets.xcassets */; };
		7FB1E99A2C1FFEA70050B03E /* Preview Assets.xcassets in Resources */ = {isa = PBXBuildFile; fileRef = 7FB1E9992C1FFEA70050B03E /* Preview Assets.xcassets */; };
		7FB1E9A12C1FFF5B0050B03E /* ListView.swift in Sources */ = {isa = PBXBuildFile; fileRef = 7FB1E9A02C1FFF5B0050B03E /* ListView.swift */; };
		7FB1E9A32C20008E0050B03E /* ListRowView.swift in Sources */ = {isa = PBXBuildFile; fileRef = 7FB1E9A22C20008E0050B03E /* ListRowView.swift */; };
		7FB1E9A52C2002CD0050B03E /* AddView.swift in Sources */ = {isa = PBXBuildFile; fileRef = 7FB1E9A42C2002CD0050B03E /* AddView.swift */; };
		7FB1E9A82C2005720050B03E /* ItemModel.swift in Sources */ = {isa = PBXBuildFile; fileRef = 7FB1E9A72C2005720050B03E /* ItemModel.swift */; };
		7FB1E9AC2C200F5C0050B03E /* ListViewModel.swift in Sources */ = {isa = PBXBuildFile; fileRef = 7FB1E9AB2C200F5C0050B03E /* ListViewModel.swift */; };
		7FB9D7762C2160680036A1C0 /* NoItemsView.swift in Sources */ = {isa = PBXBuildFile; fileRef = 7FB9D7752C2160670036A1C0 /* NoItemsView.swift */; };
		7FB9D7782C217C160036A1C0 /* LaunchScreen.storyboard in Resources */ = {isa = PBXBuildFile; fileRef = 7FB9D7772C217C160036A1C0 /* LaunchScreen.storyboard */; };
/* End PBXBuildFile section */

/* Begin PBXFileReference section */
		7FB1E98F2C1FFE9F0050B03E /* To Do LIst.app */ = {isa = PBXFileReference; explicitFileType = wrapper.application; includeInIndex = 0; path = "To Do LIst.app"; sourceTree = BUILT_PRODUCTS_DIR; };
		7FB1E9922C1FFE9F0050B03E /* To_Do_LIstApp.swift */ = {isa = PBXFileReference; lastKnownFileType = sourcecode.swift; path = To_Do_LIstApp.swift; sourceTree = "<group>"; };
		7FB1E9962C1FFEA70050B03E /* Assets.xcassets */ = {isa = PBXFileReference; lastKnownFileType = folder.assetcatalog; path = Assets.xcassets; sourceTree = "<group>"; };
		7FB1E9992C1FFEA70050B03E /* Preview Assets.xcassets */ = {isa = PBXFileReference; lastKnownFileType = folder.assetcatalog; path = "Preview Assets.xcassets"; sourceTree = "<group>"; };
		7FB1E9A02C1FFF5B0050B03E /* ListView.swift */ = {isa = PBXFileReference; lastKnownFileType = sourcecode.swift; path = ListView.swift; sourceTree = "<group>"; };
		7FB1E9A22C20008E0050B03E /* ListRowView.swift */ = {isa = PBXFileReference; lastKnownFileType = sourcecode.swift; path = ListRowView.swift; sourceTree = "<group>"; };
		7FB1E9A42C2002CD0050B03E /* AddView.swift */ = {isa = PBXFileReference; lastKnownFileType = sourcecode.swift; path = AddView.swift; sourceTree = "<group>"; };
		7FB1E9A72C2005720050B03E /* ItemModel.swift */ = {isa = PBXFileReference; lastKnownFileType = sourcecode.swift; path = ItemModel.swift; sourceTree = "<group>"; };
		7FB1E9AB2C200F5C0050B03E /* ListViewModel.swift */ = {isa = PBXFileReference; lastKnownFileType = sourcecode.swift; path = ListViewModel.swift; sourceTree = "<group>"; };
		7FB68FF62C217E1300FA0138 /* To-Do-LIst-Info.plist */ = {isa = PBXFileReference; lastKnownFileType = text.plist; path = "To-Do-LIst-Info.plist"; sourceTree = SOURCE_ROOT; };
		7FB9D7752C2160670036A1C0 /* NoItemsView.swift */ = {isa = PBXFileReference; lastKnownFileType = sourcecode.swift; path = NoItemsView.swift; sourceTree = "<group>"; };
		7FB9D7772C217C160036A1C0 /* LaunchScreen.storyboard */ = {isa = PBXFileReference; lastKnownFileType = file.storyboard; path = LaunchScreen.storyboard; sourceTree = "<group>"; };
/* End PBXFileReference section */

/* Begin PBXFrameworksBuildPhase section */
		7FB1E98C2C1FFE9F0050B03E /* Frameworks */ = {
			isa = PBXFrameworksBuildPhase;
			buildActionMask = 2147483647;
			files = (
			);
			runOnlyForDeploymentPostprocessing = 0;
		};
/* End PBXFrameworksBuildPhase section */

/* Begin PBXGroup section */
		7FB1E9862C1FFE9F0050B03E = {
			isa = PBXGroup;
			children = (
				7FB1E9912C1FFE9F0050B03E /* To Do LIst */,
				7FB1E9902C1FFE9F0050B03E /* Products */,
			);
			sourceTree = "<group>";
		};
		7FB1E9902C1FFE9F0050B03E /* Products */ = {
			isa = PBXGroup;
			children = (
				7FB1E98F2C1FFE9F0050B03E /* To Do LIst.app */,
			);
			name = Products;
			sourceTree = "<group>";
		};
		7FB1E9912C1FFE9F0050B03E /* To Do LIst */ = {
			isa = PBXGroup;
			children = (
				7FB68FF62C217E1300FA0138 /* To-Do-LIst-Info.plist */,
				7FB1E9922C1FFE9F0050B03E /* To_Do_LIstApp.swift */,
				7FB1E9AA2C200F1A0050B03E /* Views */,
				7FB1E9A92C200EC30050B03E /* ViewModels */,
				7FB1E9A62C2005570050B03E /* Models */,
				7FB1E9962C1FFEA70050B03E /* Assets.xcassets */,
				7FB1E9982C1FFEA70050B03E /* Preview Content */,
			);
			path = "To Do LIst";
			sourceTree = "<group>";
		};
		7FB1E9982C1FFEA70050B03E /* Preview Content */ = {
			isa = PBXGroup;
			children = (
				7FB1E9992C1FFEA70050B03E /* Preview Assets.xcassets */,
			);
			path = "Preview Content";
			sourceTree = "<group>";
		};
		7FB1E9A62C2005570050B03E /* Models */ = {
			isa = PBXGroup;
			children = (
				7FB1E9A72C2005720050B03E /* ItemModel.swift */,
			);
			path = Models;
			sourceTree = "<group>";
		};
		7FB1E9A92C200EC30050B03E /* ViewModels */ = {
			isa = PBXGroup;
			children = (
				7FB1E9AB2C200F5C0050B03E /* ListViewModel.swift */,
			);
			path = ViewModels;
			sourceTree = "<group>";
		};
		7FB1E9AA2C200F1A0050B03E /* Views */ = {
			isa = PBXGroup;
			children = (
				7FB1E9A02C1FFF5B0050B03E /* ListView.swift */,
				7FB9D7752C2160670036A1C0 /* NoItemsView.swift */,
				7FB1E9A42C2002CD0050B03E /* AddView.swift */,
				7FB1E9A22C20008E0050B03E /* ListRowView.swift */,
				7FB9D7772C217C160036A1C0 /* LaunchScreen.storyboard */,
			);
			path = Views;
			sourceTree = "<group>";
		};
/* End PBXGroup section */

/* Begin PBXNativeTarget section */
		7FB1E98E2C1FFE9F0050B03E /* To Do LIst */ = {
			isa = PBXNativeTarget;
			buildConfigurationList = 7FB1E99D2C1FFEA70050B03E /* Build configuration list for PBXNativeTarget "To Do LIst" */;
			buildPhases = (
				7FB1E98B2C1FFE9F0050B03E /* Sources */,
				7FB1E98C2C1FFE9F0050B03E /* Frameworks */,
				7FB1E98D2C1FFE9F0050B03E /* Resources */,
			);
			buildRules = (
			);
			dependencies = (
			);
			name = "To Do LIst";
			productName = "To Do LIst";
			productReference = 7FB1E98F2C1FFE9F0050B03E /* To Do LIst.app */;
			productType = "com.apple.product-type.application";
		};
/* End PBXNativeTarget section */

/* Begin PBXProject section */
		7FB1E9872C1FFE9F0050B03E /* Project object */ = {
			isa = PBXProject;
			attributes = {
				BuildIndependentTargetsInParallel = 1;
				LastSwiftUpdateCheck = 1530;
				LastUpgradeCheck = 1530;
				TargetAttributes = {
					7FB1E98E2C1FFE9F0050B03E = {
						CreatedOnToolsVersion = 15.3;
					};
				};
			};
			buildConfigurationList = 7FB1E98A2C1FFE9F0050B03E /* Build configuration list for PBXProject "To Do LIst" */;
			compatibilityVersion = "Xcode 14.0";
			developmentRegion = en;
			hasScannedForEncodings = 0;
			knownRegions = (
				en,
				Base,
			);
			mainGroup = 7FB1E9862C1FFE9F0050B03E;
			productRefGroup = 7FB1E9902C1FFE9F0050B03E /* Products */;
			projectDirPath = "";
			projectRoot = "";
			targets = (
				7FB1E98E2C1FFE9F0050B03E /* To Do LIst */,
			);
		};
/* End PBXProject section */

/* Begin PBXResourcesBuildPhase section */
		7FB1E98D2C1FFE9F0050B03E /* Resources */ = {
			isa = PBXResourcesBuildPhase;
			buildActionMask = 2147483647;
			files = (
				7FB9D7782C217C160036A1C0 /* LaunchScreen.storyboard in Resources */,
				7FB1E99A2C1FFEA70050B03E /* Preview Assets.xcassets in Resources */,
				7FB1E9972C1FFEA70050B03E /* Assets.xcassets in Resources */,
			);
			runOnlyForDeploymentPostprocessing = 0;
		};
/* End PBXResourcesBuildPhase section */

/* Begin PBXSourcesBuildPhase section */
		7FB1E98B2C1FFE9F0050B03E /* Sources */ = {
			isa = PBXSourcesBuildPhase;
			buildActionMask = 2147483647;
			files = (
				7FB1E9A52C2002CD0050B03E /* AddView.swift in Sources */,
				7FB1E9A12C1FFF5B0050B03E /* ListView.swift in Sources */,
				7FB1E9AC2C200F5C0050B03E /* ListViewModel.swift in Sources */,
				7FB1E9932C1FFE9F0050B03E /* To_Do_LIstApp.swift in Sources */,
				7FB1E9A82C2005720050B03E /* ItemModel.swift in Sources */,
				7FB9D7762C2160680036A1C0 /* NoItemsView.swift in Sources */,
				7FB1E9A32C20008E0050B03E /* ListRowView.swift in Sources */,
			);
			runOnlyForDeploymentPostprocessing = 0;
		};
/* End PBXSourcesBuildPhase section */

/* Begin XCBuildConfiguration section */
		7FB1E99B2C1FFEA70050B03E /* Debug */ = {
			isa = XCBuildConfiguration;
			buildSettings = {
				ALWAYS_SEARCH_USER_PATHS = NO;
				ASSETCATALOG_COMPILER_GENERATE_SWIFT_ASSET_SYMBOL_EXTENSIONS = YES;
				CLANG_ANALYZER_NONNULL = YES;
				CLANG_ANALYZER_NUMBER_OBJECT_CONVERSION = YES_AGGRESSIVE;
				CLANG_CXX_LANGUAGE_STANDARD = "gnu++20";
				CLANG_ENABLE_MODULES = YES;
				CLANG_ENABLE_OBJC_ARC = YES;
				CLANG_ENABLE_OBJC_WEAK = YES;
				CLANG_WARN_BLOCK_CAPTURE_AUTORELEASING = YES;
				CLANG_WARN_BOOL_CONVERSION = YES;
				CLANG_WARN_COMMA = YES;
				CLANG_WARN_CONSTANT_CONVERSION = YES;
				CLANG_WARN_DEPRECATED_OBJC_IMPLEMENTATIONS = YES;
				CLANG_WARN_DIRECT_OBJC_ISA_USAGE = YES_ERROR;
				CLANG_WARN_DOCUMENTATION_COMMENTS = YES;
				CLANG_WARN_EMPTY_BODY = YES;
				CLANG_WARN_ENUM_CONVERSION = YES;
				CLANG_WARN_INFINITE_RECURSION = YES;
				CLANG_WARN_INT_CONVERSION = YES;
				CLANG_WARN_NON_LITERAL_NULL_CONVERSION = YES;
				CLANG_WARN_OBJC_IMPLICIT_RETAIN_SELF = YES;
				CLANG_WARN_OBJC_LITERAL_CONVERSION = YES;
				CLANG_WARN_OBJC_ROOT_CLASS = YES_ERROR;
				CLANG_WARN_QUOTED_INCLUDE_IN_FRAMEWORK_HEADER = YES;
				CLANG_WARN_RANGE_LOOP_ANALYSIS = YES;
				CLANG_WARN_STRICT_PROTOTYPES = YES;
				CLANG_WARN_SUSPICIOUS_MOVE = YES;
				CLANG_WARN_UNGUARDED_AVAILABILITY = YES_AGGRESSIVE;
				CLANG_WARN_UNREACHABLE_CODE = YES;
				CLANG_WARN__DUPLICATE_METHOD_MATCH = YES;
				COPY_PHASE_STRIP = NO;
				DEBUG_INFORMATION_FORMAT = dwarf;
				ENABLE_STRICT_OBJC_MSGSEND = YES;
				ENABLE_TESTABILITY = YES;
				ENABLE_USER_SCRIPT_SANDBOXING = YES;
				GCC_C_LANGUAGE_STANDARD = gnu17;
				GCC_DYNAMIC_NO_PIC = NO;
				GCC_NO_COMMON_BLOCKS = YES;
				GCC_OPTIMIZATION_LEVEL = 0;
				GCC_PREPROCESSOR_DEFINITIONS = (
					"DEBUG=1",
					"$(inherited)",
				);
				GCC_WARN_64_TO_32_BIT_CONVERSION = YES;
				GCC_WARN_ABOUT_RETURN_TYPE = YES_ERROR;
				GCC_WARN_UNDECLARED_SELECTOR = YES;
				GCC_WARN_UNINITIALIZED_AUTOS = YES_AGGRESSIVE;
				GCC_WARN_UNUSED_FUNCTION = YES;
				GCC_WARN_UNUSED_VARIABLE = YES;
				IPHONEOS_DEPLOYMENT_TARGET = 17.4;
				LOCALIZATION_PREFERS_STRING_CATALOGS = YES;
				MTL_ENABLE_DEBUG_INFO = INCLUDE_SOURCE;
				MTL_FAST_MATH = YES;
				ONLY_ACTIVE_ARCH = YES;
				SDKROOT = iphoneos;
				SWIFT_ACTIVE_COMPILATION_CONDITIONS = "DEBUG $(inherited)";
				SWIFT_OPTIMIZATION_LEVEL = "-Onone";
			};
			name = Debug;
		};
		7FB1E99C2C1FFEA70050B03E /* Release */ = {
			isa = XCBuildConfiguration;
			buildSettings = {
				ALWAYS_SEARCH_USER_PATHS = NO;
				ASSETCATALOG_COMPILER_GENERATE_SWIFT_ASSET_SYMBOL_EXTENSIONS = YES;
				CLANG_ANALYZER_NONNULL = YES;
				CLANG_ANALYZER_NUMBER_OBJECT_CONVERSION = YES_AGGRESSIVE;
				CLANG_CXX_LANGUAGE_STANDARD = "gnu++20";
				CLANG_ENABLE_MODULES = YES;
				CLANG_ENABLE_OBJC_ARC = YES;
				CLANG_ENABLE_OBJC_WEAK = YES;
				CLANG_WARN_BLOCK_CAPTURE_AUTORELEASING = YES;
				CLANG_WARN_BOOL_CONVERSION = YES;
				CLANG_WARN_COMMA = YES;
				CLANG_WARN_CONSTANT_CONVERSION = YES;
				CLANG_WARN_DEPRECATED_OBJC_IMPLEMENTATIONS = YES;
				CLANG_WARN_DIRECT_OBJC_ISA_USAGE = YES_ERROR;
				CLANG_WARN_DOCUMENTATION_COMMENTS = YES;
				CLANG_WARN_EMPTY_BODY = YES;
				CLANG_WARN_ENUM_CONVERSION = YES;
				CLANG_WARN_INFINITE_RECURSION = YES;
				CLANG_WARN_INT_CONVERSION = YES;
				CLANG_WARN_NON_LITERAL_NULL_CONVERSION = YES;
				CLANG_WARN_OBJC_IMPLICIT_RETAIN_SELF = YES;
				CLANG_WARN_OBJC_LITERAL_CONVERSION = YES;
				CLANG_WARN_OBJC_ROOT_CLASS = YES_ERROR;
				CLANG_WARN_QUOTED_INCLUDE_IN_FRAMEWORK_HEADER = YES;
				CLANG_WARN_RANGE_LOOP_ANALYSIS = YES;
				CLANG_WARN_STRICT_PROTOTYPES = YES;
				CLANG_WARN_SUSPICIOUS_MOVE = YES;
				CLANG_WARN_UNGUARDED_AVAILABILITY = YES_AGGRESSIVE;
				CLANG_WARN_UNREACHABLE_CODE = YES;
				CLANG_WARN__DUPLICATE_METHOD_MATCH = YES;
				COPY_PHASE_STRIP = NO;
				DEBUG_INFORMATION_FORMAT = "dwarf-with-dsym";
				ENABLE_NS_ASSERTIONS = NO;
				ENABLE_STRICT_OBJC_MSGSEND = YES;
				ENABLE_USER_SCRIPT_SANDBOXING = YES;
				GCC_C_LANGUAGE_STANDARD = gnu17;
				GCC_NO_COMMON_BLOCKS = YES;
				GCC_WARN_64_TO_32_BIT_CONVERSION = YES;
				GCC_WARN_ABOUT_RETURN_TYPE = YES_ERROR;
				GCC_WARN_UNDECLARED_SELECTOR = YES;
				GCC_WARN_UNINITIALIZED_AUTOS = YES_AGGRESSIVE;
				GCC_WARN_UNUSED_FUNCTION = YES;
				GCC_WARN_UNUSED_VARIABLE = YES;
				IPHONEOS_DEPLOYMENT_TARGET = 17.4;
				LOCALIZATION_PREFERS_STRING_CATALOGS = YES;
				MTL_ENABLE_DEBUG_INFO = NO;
				MTL_FAST_MATH = YES;
				SDKROOT = iphoneos;
				SWIFT_COMPILATION_MODE = wholemodule;
				VALIDATE_PRODUCT = YES;
			};
			name = Release;
		};
		7FB1E99E2C1FFEA70050B03E /* Debug */ = {
			isa = XCBuildConfiguration;
			buildSettings = {
				ASSETCATALOG_COMPILER_APPICON_NAME = AppIcon;
				ASSETCATALOG_COMPILER_GLOBAL_ACCENT_COLOR_NAME = AccentColor;
				CODE_SIGN_STYLE = Automatic;
				CURRENT_PROJECT_VERSION = 1;
				DEVELOPMENT_ASSET_PATHS = "\"To Do LIst/Preview Content\"";
				DEVELOPMENT_TEAM = GNG4VLAQ7U;
				ENABLE_PREVIEWS = YES;
				GENERATE_INFOPLIST_FILE = YES;
				INFOPLIST_FILE = "To-Do-LIst-Info.plist";
				INFOPLIST_KEY_UIApplicationSceneManifest_Generation = YES;
				INFOPLIST_KEY_UIApplicationSupportsIndirectInputEvents = YES;
				INFOPLIST_KEY_UILaunchScreen_Generation = YES;
				INFOPLIST_KEY_UILaunchStoryboardName = LaunchScreen.storyboard;
				INFOPLIST_KEY_UISupportedInterfaceOrientations_iPad = "UIInterfaceOrientationPortrait UIInterfaceOrientationPortraitUpsideDown UIInterfaceOrientationLandscapeLeft UIInterfaceOrientationLandscapeRight";
				INFOPLIST_KEY_UISupportedInterfaceOrientations_iPhone = "UIInterfaceOrientationPortrait UIInterfaceOrientationLandscapeLeft UIInterfaceOrientationLandscapeRight";
				LD_RUNPATH_SEARCH_PATHS = (
					"$(inherited)",
					"@executable_path/Frameworks",
				);
				MARKETING_VERSION = 1.0;
				PRODUCT_BUNDLE_IDENTIFIER = "jp.ac.jec.cm0138.To-Do-LIst";
				PRODUCT_NAME = "$(TARGET_NAME)";
				SWIFT_EMIT_LOC_STRINGS = YES;
				SWIFT_VERSION = 5.0;
				TARGETED_DEVICE_FAMILY = "1,2";
			};
			name = Debug;
		};
		7FB1E99F2C1FFEA70050B03E /* Release */ = {
			isa = XCBuildConfiguration;
			buildSettings = {
				ASSETCATALOG_COMPILER_APPICON_NAME = AppIcon;
				ASSETCATALOG_COMPILER_GLOBAL_ACCENT_COLOR_NAME = AccentColor;
				CODE_SIGN_STYLE = Automatic;
				CURRENT_PROJECT_VERSION = 1;
				DEVELOPMENT_ASSET_PATHS = "\"To Do LIst/Preview Content\"";
				DEVELOPMENT_TEAM = GNG4VLAQ7U;
				ENABLE_PREVIEWS = YES;
				GENERATE_INFOPLIST_FILE = YES;
				INFOPLIST_FILE = "To-Do-LIst-Info.plist";
				INFOPLIST_KEY_UIApplicationSceneManifest_Generation = YES;
				INFOPLIST_KEY_UIApplicationSupportsIndirectInputEvents = YES;
				INFOPLIST_KEY_UILaunchScreen_Generation = YES;
				INFOPLIST_KEY_UILaunchStoryboardName = LaunchScreen.storyboard;
				INFOPLIST_KEY_UISupportedInterfaceOrientations_iPad = "UIInterfaceOrientationPortrait UIInterfaceOrientationPortraitUpsideDown UIInterfaceOrientationLandscapeLeft UIInterfaceOrientationLandscapeRight";
				INFOPLIST_KEY_UISupportedInterfaceOrientations_iPhone = "UIInterfaceOrientationPortrait UIInterfaceOrientationLandscapeLeft UIInterfaceOrientationLandscapeRight";
				LD_RUNPATH_SEARCH_PATHS = (
					"$(inherited)",
					"@executable_path/Frameworks",
				);
				MARKETING_VERSION = 1.0;
				PRODUCT_BUNDLE_IDENTIFIER = "jp.ac.jec.cm0138.To-Do-LIst";
				PRODUCT_NAME = "$(TARGET_NAME)";
				SWIFT_EMIT_LOC_STRINGS = YES;
				SWIFT_VERSION = 5.0;
				TARGETED_DEVICE_FAMILY = "1,2";
			};
			name = Release;
		};
/* End XCBuildConfiguration section */

/* Begin XCConfigurationList section */
		7FB1E98A2C1FFE9F0050B03E /* Build configuration list for PBXProject "To Do LIst" */ = {
			isa = XCConfigurationList;
			buildConfigurations = (
				7FB1E99B2C1FFEA70050B03E /* Debug */,
				7FB1E99C2C1FFEA70050B03E /* Release */,
			);
			defaultConfigurationIsVisible = 0;
			defaultConfigurationName = Release;
		};
		7FB1E99D2C1FFEA70050B03E /* Build configuration list for PBXNativeTarget "To Do LIst" */ = {
			isa = XCConfigurationList;
			buildConfigurations = (
				7FB1E99E2C1FFEA70050B03E /* Debug */,
				7FB1E99F2C1FFEA70050B03E /* Release */,
			);
			defaultConfigurationIsVisible = 0;
			defaultConfigurationName = Release;
		};
/* End XCConfigurationList section */
	};
	rootObject = 7FB1E9872C1FFE9F0050B03E /* Project object */;
}
